{
  "nodes": {
    "nixpkgs": {
      "locked": {
        "lastModified": 1782467914,
        "narHash": "sha256-pGvFkM8N0xEkIIXDe5YYfbEAvHrk4IxBrjB/x8OomhE=",
        "owner": "NixOS",
        "repo": "nixpkgs",
        "rev": "e73de5be04e0eff4190a1432b946d469c794e7b4",
        "type": "github"
      },
      "original": {
        "owner": "NixOS",
        "ref": "nixos-unstable",
        "repo": "nixpkgs",
        "type": "github"
      }
    },
    "root": {
      "inputs": {
        "nixpkgs": "nixpkgs",
        "toiletline": "toiletline"
      }
    },
    "toiletline": {
      "flake": false,
      "locked": {
        "lastModified": 1782561202,
        "narHash": "sha256-pRTKeQIwrPUacm2i076sXuuzxUQUxSOL6TNimHVTcA0=",
        "owner": "toiletbril",
        "repo": "toiletline",
        "rev": "6d56ef5c77626fd94c8a1de50dd7939edab0c218",
        "type": "github"
      },
      "original": {
        "owner": "toiletbril",
        "ref": "staging",
        "repo": "toiletline",
        "type": "github"
      }
    }
  },
  "root": "root",
  "version": 7
}
